
Microsoft Visual Studio Solution File, Format Version 12.00
# Visual Studio 15
VisualStudioVersion = 15.0.26621.2
MinimumVisualStudioVersion = 10.0.40219.1
Project("{9A19103F-16F7-4668-BE54-9A1E7A4F7556}") = "FunctionBlobStorage", "FunctionApp6\FunctionBlobStorage.csproj", "{B5774C6B-910B-4815-B307-DC6A00A77A45}"
EndProject
Global
	GlobalSection(SolutionConfigurationPlatforms) = preSolution
		Debug|Any CPU = Debug|Any CPU
		Release|Any CPU = Release|Any CPU
	EndGlobalSection
	GlobalSection(ProjectConfigurationPlatforms) = postSolution
		{B5774C6B-910B-4815-B307-DC6A00A77A45}.Debug|Any CPU.ActiveCfg = Debug|Any CPU
		{B5774C6B-910B-4815-B307-DC6A00A77A45}.Debug|Any CPU.Build.0 = Debug|Any CPU
		{B5774C6B-910B-4815-B307-DC6A00A77A45}.Release|Any CPU.ActiveCfg = Release|Any CPU
		{B5774C6B-910B-4815-B307-DC6A00A77A45}.Release|Any CPU.Build.0 = Release|Any CPU
	EndGlobalSection
	GlobalSection(SolutionProperties) = preSolution
		HideSolutionNode = FALSE
	EndGlobalSection
	GlobalSection(ExtensibilityGlobals) = postSolution
		SolutionGuid = {7830D2C6-4F57-4E18-8B44-AC9B6EE86A6E}
	EndGlobalSection
EndGlobal
